
Microsoft Visual Studio Solution File, Format Version 12.00
# Visual Studio Version 16
VisualStudioVersion = 16.0.30114.105
MinimumVisualStudioVersion = 10.0.40219.1
Project("{8BC9CEB8-8B4A-11D0-8D11-00A0C91BC942}") = "PM1_Test", "PM1_Test.vcxproj", "{EBBD77F1-C11B-4605-B8E0-F41633B00555}"
EndProject
Global
	GlobalSection(SolutionConfigurationPlatforms) = preSolution
		Debug|x64 = Debug|x64
		Debug|x86 = Debug|x86
		Release|x64 = Release|x64
		Release|x86 = Release|x86
	EndGlobalSection
	GlobalSection(ProjectConfigurationPlatforms) = postSolution
		{EBBD77F1-C11B-4605-B8E0-F41633B00555}.Debug|x64.ActiveCfg = Debug|x64
		{EBBD77F1-C11B-4605-B8E0-F41633B00555}.Debug|x64.Build.0 = Debug|x64
		{EBBD77F1-C11B-4605-B8E0-F41633B00555}.Debug|x86.ActiveCfg = Debug|Win32
		{EBBD77F1-C11B-4605-B8E0-F41633B00555}.Debug|x86.Build.0 = Debug|Win32
		{EBBD77F1-C11B-4605-B8E0-F41633B00555}.Release|x64.ActiveCfg = Release|x64
		{EBBD77F1-C11B-4605-B8E0-F41633B00555}.Release|x64.Build.0 = Release|x64
		{EBBD77F1-C11B-4605-B8E0-F41633B00555}.Release|x86.ActiveCfg = Release|Win32
		{EBBD77F1-C11B-4605-B8E0-F41633B00555}.Release|x86.Build.0 = Release|Win32
	EndGlobalSection
	GlobalSection(SolutionProperties) = preSolution
		HideSolutionNode = FALSE
	EndGlobalSection
	GlobalSection(ExtensibilityGlobals) = postSolution
		SolutionGuid = {D96CF490-F8E1-4304-8340-5AC4ABDF4C9D}
	EndGlobalSection
EndGlobal
